
Microsoft Visual Studio Solution File, Format Version 12.00
# Visual Studio Version 18
VisualStudioVersion = 18.4.11626.88
MinimumVisualStudioVersion = 10.0.40219.1
Project("{2150E333-8FDC-42A3-9474-1A3956D46DE8}") = "API", "API", "{02EA681E-C7D8-13C7-8484-4AC65E1B71E8}"
EndProject
Project("{2150E333-8FDC-42A3-9474-1A3956D46DE8}") = "Application.Core", "Application.Core", "{5D127E44-38BE-4329-9CE1-B35C0B0B17A0}"
EndProject
Project("{FAE04EC0-301F-11D3-BF4B-00C04F79EFBC}") = "Do.Commission.Application", "Do.Commission.Application\Do.Commission.Application.csproj", "{AA4A229C-443E-480F-A46A-F14591CF79A1}"
EndProject
Project("{FAE04EC0-301F-11D3-BF4B-00C04F79EFBC}") = "Do.Commission.Domain", "Do.Commission.Domain\Do.Commission.Domain.csproj", "{FD0D4F4A-1799-48EA-85C6-12B15F77A433}"
EndProject
Project("{FAE04EC0-301F-11D3-BF4B-00C04F79EFBC}") = "Do.Commission.Infrastructure", "Do.Commission.Infrastructure\Do.Commission.Infrastructure.csproj", "{9ABEBDD7-7550-4959-B48E-5582E76291C5}"
EndProject
Project("{FAE04EC0-301F-11D3-BF4B-00C04F79EFBC}") = "Do.Commission.Api", "Do.Commission.Api\Do.Commission.Api.csproj", "{DA9AFFA6-39B5-91A4-8136-655F4024A6DD}"
EndProject
Project("{FAE04EC0-301F-11D3-BF4B-00C04F79EFBC}") = "Do.Commissions.Test", "Do.Commissions.Test\Do.Commissions.Test.csproj", "{D2CD2BE7-DB9B-4D81-813A-4EED9B21B491}"
EndProject
Global
	GlobalSection(SolutionConfigurationPlatforms) = preSolution
		Debug|Any CPU = Debug|Any CPU
		Release|Any CPU = Release|Any CPU
	EndGlobalSection
	GlobalSection(ProjectConfigurationPlatforms) = postSolution
		{AA4A229C-443E-480F-A46A-F14591CF79A1}.Debug|Any CPU.ActiveCfg = Debug|Any CPU
		{AA4A229C-443E-480F-A46A-F14591CF79A1}.Debug|Any CPU.Build.0 = Debug|Any CPU
		{AA4A229C-443E-480F-A46A-F14591CF79A1}.Release|Any CPU.ActiveCfg = Release|Any CPU
		{AA4A229C-443E-480F-A46A-F14591CF79A1}.Release|Any CPU.Build.0 = Release|Any CPU
		{FD0D4F4A-1799-48EA-85C6-12B15F77A433}.Debug|Any CPU.ActiveCfg = Debug|Any CPU
		{FD0D4F4A-1799-48EA-85C6-12B15F77A433}.Debug|Any CPU.Build.0 = Debug|Any CPU
		{FD0D4F4A-1799-48EA-85C6-12B15F77A433}.Release|Any CPU.ActiveCfg = Release|Any CPU
		{FD0D4F4A-1799-48EA-85C6-12B15F77A433}.Release|Any CPU.Build.0 = Release|Any CPU
		{9ABEBDD7-7550-4959-B48E-5582E76291C5}.Debug|Any CPU.ActiveCfg = Debug|Any CPU
		{9ABEBDD7-7550-4959-B48E-5582E76291C5}.Debug|Any CPU.Build.0 = Debug|Any CPU
		{9ABEBDD7-7550-4959-B48E-5582E76291C5}.Release|Any CPU.ActiveCfg = Release|Any CPU
		{9ABEBDD7-7550-4959-B48E-5582E76291C5}.Release|Any CPU.Build.0 = Release|Any CPU
		{DA9AFFA6-39B5-91A4-8136-655F4024A6DD}.Debug|Any CPU.ActiveCfg = Debug|Any CPU
		{DA9AFFA6-39B5-91A4-8136-655F4024A6DD}.Debug|Any CPU.Build.0 = Debug|Any CPU
		{DA9AFFA6-39B5-91A4-8136-655F4024A6DD}.Release|Any CPU.ActiveCfg = Release|Any CPU
		{DA9AFFA6-39B5-91A4-8136-655F4024A6DD}.Release|Any CPU.Build.0 = Release|Any CPU
		{D2CD2BE7-DB9B-4D81-813A-4EED9B21B491}.Debug|Any CPU.ActiveCfg = Debug|Any CPU
		{D2CD2BE7-DB9B-4D81-813A-4EED9B21B491}.Debug|Any CPU.Build.0 = Debug|Any CPU
		{D2CD2BE7-DB9B-4D81-813A-4EED9B21B491}.Release|Any CPU.ActiveCfg = Release|Any CPU
		{D2CD2BE7-DB9B-4D81-813A-4EED9B21B491}.Release|Any CPU.Build.0 = Release|Any CPU
	EndGlobalSection
	GlobalSection(SolutionProperties) = preSolution
		HideSolutionNode = FALSE
	EndGlobalSection
	GlobalSection(NestedProjects) = preSolution
		{AA4A229C-443E-480F-A46A-F14591CF79A1} = {5D127E44-38BE-4329-9CE1-B35C0B0B17A0}
		{FD0D4F4A-1799-48EA-85C6-12B15F77A433} = {5D127E44-38BE-4329-9CE1-B35C0B0B17A0}
		{9ABEBDD7-7550-4959-B48E-5582E76291C5} = {5D127E44-38BE-4329-9CE1-B35C0B0B17A0}
		{DA9AFFA6-39B5-91A4-8136-655F4024A6DD} = {02EA681E-C7D8-13C7-8484-4AC65E1B71E8}
		{D2CD2BE7-DB9B-4D81-813A-4EED9B21B491} = {5D127E44-38BE-4329-9CE1-B35C0B0B17A0}
	EndGlobalSection
	GlobalSection(ExtensibilityGlobals) = postSolution
		SolutionGuid = {5A2E2379-A698-4DD2-A8B2-3B19B76311B6}
	EndGlobalSection
EndGlobal
